
Microsoft Visual Studio Solution File, Format Version 12.00
# Visual Studio Version 16
VisualStudioVersion = 16.0.31613.86
MinimumVisualStudioVersion = 10.0.40219.1
Project("{2150E333-8FDC-42A3-9474-1A3956D46DE8}") = "src", "src", "{8D6EECC0-B478-423E-B278-477BC0D0CEEB}"
EndProject
Project("{2150E333-8FDC-42A3-9474-1A3956D46DE8}") = "tests", "tests", "{D4EE2B09-2150-4BD8-A3CA-49210BB13834}"
EndProject
Project("{FAE04EC0-301F-11D3-BF4B-00C04F79EFBC}") = "FundAppsCodeKata.Main", "src\FundAppsCodeKata.Main\FundAppsCodeKata.Main.csproj", "{1E11BF10-7D47-44FB-9126-3E562D557679}"
EndProject
Project("{FAE04EC0-301F-11D3-BF4B-00C04F79EFBC}") = "FundAppsCodeKata.Main.Unit.Tests", "tests\FundAppsCodeKata.Main.Unit.Tests\FundAppsCodeKata.Main.Unit.Tests.csproj", "{1A20EC01-C2DD-4348-8CD7-D07985BC032D}"
EndProject
Global
	GlobalSection(SolutionConfigurationPlatforms) = preSolution
		Debug|Any CPU = Debug|Any CPU
		Release|Any CPU = Release|Any CPU
	EndGlobalSection
	GlobalSection(ProjectConfigurationPlatforms) = postSolution
		{1E11BF10-7D47-44FB-9126-3E562D557679}.Debug|Any CPU.ActiveCfg = Debug|Any CPU
		{1E11BF10-7D47-44FB-9126-3E562D557679}.Debug|Any CPU.Build.0 = Debug|Any CPU
		{1E11BF10-7D47-44FB-9126-3E562D557679}.Release|Any CPU.ActiveCfg = Release|Any CPU
		{1E11BF10-7D47-44FB-9126-3E562D557679}.Release|Any CPU.Build.0 = Release|Any CPU
		{1A20EC01-C2DD-4348-8CD7-D07985BC032D}.Debug|Any CPU.ActiveCfg = Debug|Any CPU
		{1A20EC01-C2DD-4348-8CD7-D07985BC032D}.Debug|Any CPU.Build.0 = Debug|Any CPU
		{1A20EC01-C2DD-4348-8CD7-D07985BC032D}.Release|Any CPU.ActiveCfg = Release|Any CPU
		{1A20EC01-C2DD-4348-8CD7-D07985BC032D}.Release|Any CPU.Build.0 = Release|Any CPU
	EndGlobalSection
	GlobalSection(SolutionProperties) = preSolution
		HideSolutionNode = FALSE
	EndGlobalSection
	GlobalSection(NestedProjects) = preSolution
		{1E11BF10-7D47-44FB-9126-3E562D557679} = {8D6EECC0-B478-423E-B278-477BC0D0CEEB}
		{1A20EC01-C2DD-4348-8CD7-D07985BC032D} = {D4EE2B09-2150-4BD8-A3CA-49210BB13834}
	EndGlobalSection
	GlobalSection(ExtensibilityGlobals) = postSolution
		SolutionGuid = {232A48DE-A110-45BA-B1F7-3DFDBF6CD229}
	EndGlobalSection
EndGlobal
